lockfileVersion: 5.4

specifiers:
  '@battis/prettier-config': github:battis/prettier-config
  '@tsconfig/recommended': ^1.0.2
  '@types/google-apps-script': ^1.0.57
  '@types/node': ^18.11.19
  typedoc: ^0.23.24
  typedoc-theme-yaf: ^0.0.3
  typescript: ^4.9.5

devDependencies:
  '@battis/prettier-config': github.com/battis/prettier-config/900b9359d263370b14e206fe46db3ec4bc41f4ad
  '@tsconfig/recommended': 1.0.2
  '@types/google-apps-script': 1.0.57
  '@types/node': 18.11.19
  typedoc: 0.23.24_typescript@4.9.5
  typedoc-theme-yaf: 0.0.3_typedoc@0.23.24
  typescript: 4.9.5

packages:

  /@tsconfig/recommended/1.0.2:
    resolution: {integrity: sha512-dbHBtbWBOjq0/otpopAE02NT2Cm05Qe2JsEKeCf/wjSYbI2hz8nCqnpnOJWHATgjDz4fd3dchs3Wy1gQGjfN6w==}
    dev: true

  /@types/google-apps-script/1.0.57:
    resolution: {integrity: sha512-w06Yoh+SamGpS2kGVlGy/5JkmFkLrW6u3tbglyHEu9uC9lrzqr6FyLcgVsL95Tmq9L0q//D8seqd4GZGRPPKUw==}
    dev: true

  /@types/hast/2.3.4:
    resolution: {integrity: sha512-wLEm0QvaoawEDoTRwzTXp4b4jpwiJDvR5KMnFnVodm3scufTlBOWRD6N1OBf9TZMhjlNsSfcO5V+7AF4+Vy+9g==}
    dependencies:
      '@types/unist': 2.0.6
    dev: true

  /@types/node/18.11.19:
    resolution: {integrity: sha512-YUgMWAQBWLObABqrvx8qKO1enAvBUdjZOAWQ5grBAkp5LQv45jBvYKZ3oFS9iKRCQyFjqw6iuEa1vmFqtxYLZw==}
    dev: true

  /@types/parse5/6.0.3:
    resolution: {integrity: sha512-SuT16Q1K51EAVPz1K29DJ/sXjhSQ0zjvsypYJ6tlwVsRV9jwW5Adq2ch8Dq8kDBCkYnELS7N7VNCSB5nC56t/g==}
    dev: true

  /@types/unist/2.0.6:
    resolution: {integrity: sha512-PBjIUxZHOuj0R15/xuwJYjFi+KZdNFrehocChv4g5hu6aFroHue8m0lBP0POdK2nKzbw0cgV1mws8+V/JAcEkQ==}
    dev: true

  /@wooorm/starry-night/1.5.0:
    resolution: {integrity: sha512-YEkNgM8IxKwzRQgTp1nyiraB5rc4LiLpnMTrJvX5+SVs7zgVqkTx6QAZgZFqrZrqq/UCWVYBzE9+zZfxpLPTYQ==}
    dependencies:
      '@types/hast': 2.3.4
      import-meta-resolve: 2.2.1
      vscode-oniguruma: 1.7.0
      vscode-textmate: 7.0.4
    dev: true

  /balanced-match/1.0.2:
    resolution: {integrity: sha512-3oSeUO0TMV67hN1AmbXsK4yaqU7tjiHlbxRDZOpH0KW9+CeX4bRAaX0Anxt0tx2MrpRpWwQaPwIlISEJhYU5Pw==}
    dev: true

  /brace-expansion/2.0.1:
    resolution: {integrity: sha512-XnAIvQ8eM+kC6aULx6wuQiwVsnzsi9d3WxzV3FpWTGA19F621kwdbsAcFKXgKUHZWsy+mY6iL1sHTxWEFCytDA==}
    dependencies:
      balanced-match: 1.0.2
    dev: true

  /ccount/2.0.1:
    resolution: {integrity: sha512-eyrF0jiFpY+3drT6383f1qhkbGsLSifNAjA61IUjZjmLCWjItY6LB9ft9YhoDgwfmclB2zhu51Lc7+95b8NRAg==}
    dev: true

  /character-entities-html4/2.1.0:
    resolution: {integrity: sha512-1v7fgQRj6hnSwFpq1Eu0ynr/CDEw0rXo2B61qXrLNdHZmPKgb7fqS1a2JwF0rISo9q77jDI8VMEHoApn8qDoZA==}
    dev: true

  /character-entities-legacy/3.0.0:
    resolution: {integrity: sha512-RpPp0asT/6ufRm//AJVwpViZbGM/MkjQFxJccQRHmISF/22NBtsHqAWmL+/pmkPWoIUJdWyeVleTl1wydHATVQ==}
    dev: true

  /comma-separated-tokens/2.0.3:
    resolution: {integrity: sha512-Fu4hJdvzeylCfQPp9SGWidpzrMs7tTrlu6Vb8XGaRGck8QSNZJJp538Wrb60Lax4fPwR64ViY468OIUTbRlGZg==}
    dev: true

  /fs-extra/10.1.0:
    resolution: {integrity: sha512-oRXApq54ETRj4eMiFzGnHWGy+zo5raudjuxN0b8H7s/RU2oW0Wvsx9O0ACRN/kRq9E8Vu/ReskGB5o3ji+FzHQ==}
    engines: {node: '>=12'}
    dependencies:
      graceful-fs: 4.2.10
      jsonfile: 6.1.0
      universalify: 2.0.0
    dev: true

  /graceful-fs/4.2.10:
    resolution: {integrity: sha512-9ByhssR2fPVsNZj478qUUbKfmL0+t5BDVyjShtyZZLiK7ZDAArFFfopyOTj0M05wE2tJPisA4iTnnXl2YoPvOA==}
    dev: true

  /hast-util-from-parse5/7.1.1:
    resolution: {integrity: sha512-R6PoNcUs89ZxLJmMWsVbwSWuz95/9OriyQZ3e2ybwqGsRXzhA6gv49rgGmQvLbZuSNDv9fCg7vV7gXUsvtUFaA==}
    dependencies:
      '@types/hast': 2.3.4
      '@types/unist': 2.0.6
      hastscript: 7.2.0
      property-information: 6.2.0
      vfile: 5.3.6
      vfile-location: 4.0.1
      web-namespaces: 2.0.1
    dev: true

  /hast-util-parse-selector/3.1.1:
    resolution: {integrity: sha512-jdlwBjEexy1oGz0aJ2f4GKMaVKkA9jwjr4MjAAI22E5fM/TXVZHuS5OpONtdeIkRKqAaryQ2E9xNQxijoThSZA==}
    dependencies:
      '@types/hast': 2.3.4
    dev: true

  /hast-util-raw/7.2.3:
    resolution: {integrity: sha512-RujVQfVsOrxzPOPSzZFiwofMArbQke6DJjnFfceiEbFh7S05CbPt0cYN+A5YeD3pso0JQk6O1aHBnx9+Pm2uqg==}
    dependencies:
      '@types/hast': 2.3.4
      '@types/parse5': 6.0.3
      hast-util-from-parse5: 7.1.1
      hast-util-to-parse5: 7.1.0
      html-void-elements: 2.0.1
      parse5: 6.0.1
      unist-util-position: 4.0.4
      unist-util-visit: 4.1.2
      vfile: 5.3.6
      web-namespaces: 2.0.1
      zwitch: 2.0.4
    dev: true

  /hast-util-to-html/8.0.4:
    resolution: {integrity: sha512-4tpQTUOr9BMjtYyNlt0P50mH7xj0Ks2xpo8M943Vykljf99HW6EzulIoJP1N3eKOSScEHzyzi9dm7/cn0RfGwA==}
    dependencies:
      '@types/hast': 2.3.4
      '@types/unist': 2.0.6
      ccount: 2.0.1
      comma-separated-tokens: 2.0.3
      hast-util-raw: 7.2.3
      hast-util-whitespace: 2.0.1
      html-void-elements: 2.0.1
      property-information: 6.2.0
      space-separated-tokens: 2.0.2
      stringify-entities: 4.0.3
      zwitch: 2.0.4
    dev: true

  /hast-util-to-parse5/7.1.0:
    resolution: {integrity: sha512-YNRgAJkH2Jky5ySkIqFXTQiaqcAtJyVE+D5lkN6CdtOqrnkLfGYYrEcKuHOJZlp+MwjSwuD3fZuawI+sic/RBw==}
    dependencies:
      '@types/hast': 2.3.4
      comma-separated-tokens: 2.0.3
      property-information: 6.2.0
      space-separated-tokens: 2.0.2
      web-namespaces: 2.0.1
      zwitch: 2.0.4
    dev: true

  /hast-util-whitespace/2.0.1:
    resolution: {integrity: sha512-nAxA0v8+vXSBDt3AnRUNjyRIQ0rD+ntpbAp4LnPkumc5M9yUbSMa4XDU9Q6etY4f1Wp4bNgvc1yjiZtsTTrSng==}
    dev: true

  /hastscript/7.2.0:
    resolution: {integrity: sha512-TtYPq24IldU8iKoJQqvZOuhi5CyCQRAbvDOX0x1eW6rsHSxa/1i2CCiptNTotGHJ3VoHRGmqiv6/D3q113ikkw==}
    dependencies:
      '@types/hast': 2.3.4
      comma-separated-tokens: 2.0.3
      hast-util-parse-selector: 3.1.1
      property-information: 6.2.0
      space-separated-tokens: 2.0.2
    dev: true

  /html-void-elements/2.0.1:
    resolution: {integrity: sha512-0quDb7s97CfemeJAnW9wC0hw78MtW7NU3hqtCD75g2vFlDLt36llsYD7uB7SUzojLMP24N5IatXf7ylGXiGG9A==}
    dev: true

  /import-meta-resolve/2.2.1:
    resolution: {integrity: sha512-C6lLL7EJPY44kBvA80gq4uMsVFw5x3oSKfuMl1cuZ2RkI5+UJqQXgn+6hlUew0y4ig7Ypt4CObAAIzU53Nfpuw==}
    dev: true

  /is-buffer/2.0.5:
    resolution: {integrity: sha512-i2R6zNFDwgEHJyQUtJEk0XFi1i0dPFn/oqjK3/vPCcDeJvW5NQ83V8QbicfF1SupOaB0h8ntgBC2YiE7dfyctQ==}
    engines: {node: '>=4'}
    dev: true

  /jsonc-parser/3.2.0:
    resolution: {integrity: sha512-gfFQZrcTc8CnKXp6Y4/CBT3fTc0OVuDofpre4aEeEpSBPV5X5v4+Vmx+8snU7RLPrNHPKSgLxGo9YuQzz20o+w==}
    dev: true

  /jsonfile/6.1.0:
    resolution: {integrity: sha512-5dgndWOriYSm5cnYaJNhalLNDKOqFwyDB/rr1E9ZsGciGvKPs8R2xYGCacuf3z6K1YKDz182fd+fY3cn3pMqXQ==}
    dependencies:
      universalify: 2.0.0
    optionalDependencies:
      graceful-fs: 4.2.10
    dev: true

  /lru-cache/6.0.0:
    resolution: {integrity: sha512-Jo6dJ04CmSjuznwJSS3pUeWmd/H0ffTlkXXgwZi+eq1UCmqQwCh+eLsYOYCwY991i2Fah4h1BEMCx4qThGbsiA==}
    engines: {node: '>=10'}
    dependencies:
      yallist: 4.0.0
    dev: true

  /lunr/2.3.9:
    resolution: {integrity: sha512-zTU3DaZaF3Rt9rhN3uBMGQD3dD2/vFQqnvZCDv4dl5iOzq2IZQqTxu90r4E5J+nP70J3ilqVCrbho2eWaeW8Ow==}
    dev: true

  /marked/4.2.12:
    resolution: {integrity: sha512-yr8hSKa3Fv4D3jdZmtMMPghgVt6TWbk86WQaWhDloQjRSQhMMYCAro7jP7VDJrjjdV8pxVxMssXS8B8Y5DZ5aw==}
    engines: {node: '>= 12'}
    hasBin: true
    dev: true

  /minimatch/5.1.6:
    resolution: {integrity: sha512-lKwV/1brpG6mBUFHtb7NUmtABCb2WZZmm2wNiOA5hAb8VdCS4B3dtMWyvcoViccwAW/COERjXLt0zP1zXUN26g==}
    engines: {node: '>=10'}
    dependencies:
      brace-expansion: 2.0.1
    dev: true

  /parse5/6.0.1:
    resolution: {integrity: sha512-Ofn/CTFzRGTTxwpNEs9PP93gXShHcTq255nzRYSKe8AkVpZY7e1fpmTfOyoIvjP5HG7Z2ZM7VS9PPhQGW2pOpw==}
    dev: true

  /property-information/6.2.0:
    resolution: {integrity: sha512-kma4U7AFCTwpqq5twzC1YVIDXSqg6qQK6JN0smOw8fgRy1OkMi0CYSzFmsy6dnqSenamAtj0CyXMUJ1Mf6oROg==}
    dev: true

  /semver/7.3.8:
    resolution: {integrity: sha512-NB1ctGL5rlHrPJtFDVIVzTyQylMLu9N9VICA6HSFJo8MCGVTMW6gfpicwKmmK/dAjTOrqu5l63JJOpDSrAis3A==}
    engines: {node: '>=10'}
    hasBin: true
    dependencies:
      lru-cache: 6.0.0
    dev: true

  /shiki/0.12.1:
    resolution: {integrity: sha512-aieaV1m349rZINEBkjxh2QbBvFFQOlgqYTNtCal82hHj4dDZ76oMlQIX+C7ryerBTDiga3e5NfH6smjdJ02BbQ==}
    dependencies:
      jsonc-parser: 3.2.0
      vscode-oniguruma: 1.7.0
      vscode-textmate: 8.0.0
    dev: true

  /space-separated-tokens/2.0.2:
    resolution: {integrity: sha512-PEGlAwrG8yXGXRjW32fGbg66JAlOAwbObuqVoJpv/mRgoWDQfgH1wDPvtzWyUSNAXBGSk8h755YDbbcEy3SH2Q==}
    dev: true

  /stringify-entities/4.0.3:
    resolution: {integrity: sha512-BP9nNHMhhfcMbiuQKCqMjhDP5yBCAxsPu4pHFFzJ6Alo9dZgY4VLDPutXqIjpRiMoKdp7Av85Gr73Q5uH9k7+g==}
    dependencies:
      character-entities-html4: 2.1.0
      character-entities-legacy: 3.0.0
    dev: true

  /typedoc-plugin-versions/0.2.3_typedoc@0.23.24:
    resolution: {integrity: sha512-SDbd+Q1ieHlSa5y3rCxuZH5Eg87Flgotx5qcpO3x2h/LaQ8i25oyiArXALm5wFXYr7CgSit4ODrVVlbA7SH2jA==}
    engines: {node: '>=14.0.0', npm: '>=6.0.0'}
    peerDependencies:
      typedoc: ^0.23
    dependencies:
      fs-extra: 10.1.0
      semver: 7.3.8
      typedoc: 0.23.24_typescript@4.9.5
    dev: true

  /typedoc-theme-yaf/0.0.3_typedoc@0.23.24:
    resolution: {integrity: sha512-8EMF43gzir1mBWe1rqg+b8ZTO6oO9Nvi8cKJFSPPXSI+q2N4FdEsZkhjwsInfNIYwdjxT4l2VWJ5b400Ed88qQ==}
    engines: {node: '>=14.0.0', npm: '>=6.0.0'}
    peerDependencies:
      typedoc: ^0.23
    dependencies:
      '@wooorm/starry-night': 1.5.0
      fs-extra: 10.1.0
      hast-util-to-html: 8.0.4
      typedoc: 0.23.24_typescript@4.9.5
      typedoc-plugin-versions: 0.2.3_typedoc@0.23.24
    dev: true

  /typedoc/0.23.24_typescript@4.9.5:
    resolution: {integrity: sha512-bfmy8lNQh+WrPYcJbtjQ6JEEsVl/ce1ZIXyXhyW+a1vFrjO39t6J8sL/d6FfAGrJTc7McCXgk9AanYBSNvLdIA==}
    engines: {node: '>= 14.14'}
    hasBin: true
    peerDependencies:
      typescript: 4.6.x || 4.7.x || 4.8.x || 4.9.x
    dependencies:
      lunr: 2.3.9
      marked: 4.2.12
      minimatch: 5.1.6
      shiki: 0.12.1
      typescript: 4.9.5
    dev: true

  /typescript/4.9.5:
    resolution: {integrity: sha512-1FXk9E2Hm+QzZQ7z+McJiHL4NW1F2EzMu9Nq9i3zAaGqibafqYwCVU6WyWAuyQRRzOlxou8xZSyXLEN8oKj24g==}
    engines: {node: '>=4.2.0'}
    hasBin: true
    dev: true

  /unist-util-is/5.2.0:
    resolution: {integrity: sha512-Glt17jWwZeyqrFqOK0pF1Ded5U3yzJnFr8CG1GMjCWTp9zDo2p+cmD6pWbZU8AgM5WU3IzRv6+rBwhzsGh6hBQ==}
    dev: true

  /unist-util-position/4.0.4:
    resolution: {integrity: sha512-kUBE91efOWfIVBo8xzh/uZQ7p9ffYRtUbMRZBNFYwf0RK8koUMx6dGUfwylLOKmaT2cs4wSW96QoYUSXAyEtpg==}
    dependencies:
      '@types/unist': 2.0.6
    dev: true

  /unist-util-stringify-position/3.0.3:
    resolution: {integrity: sha512-k5GzIBZ/QatR8N5X2y+drfpWG8IDBzdnVj6OInRNWm1oXrzydiaAT2OQiA8DPRRZyAKb9b6I2a6PxYklZD0gKg==}
    dependencies:
      '@types/unist': 2.0.6
    dev: true

  /unist-util-visit-parents/5.1.3:
    resolution: {integrity: sha512-x6+y8g7wWMyQhL1iZfhIPhDAs7Xwbn9nRosDXl7qoPTSCy0yNxnKc+hWokFifWQIDGi154rdUqKvbCa4+1kLhg==}
    dependencies:
      '@types/unist': 2.0.6
      unist-util-is: 5.2.0
    dev: true

  /unist-util-visit/4.1.2:
    resolution: {integrity: sha512-MSd8OUGISqHdVvfY9TPhyK2VdUrPgxkUtWSuMHF6XAAFuL4LokseigBnZtPnJMu+FbynTkFNnFlyjxpVKujMRg==}
    dependencies:
      '@types/unist': 2.0.6
      unist-util-is: 5.2.0
      unist-util-visit-parents: 5.1.3
    dev: true

  /universalify/2.0.0:
    resolution: {integrity: sha512-hAZsKq7Yy11Zu1DE0OzWjw7nnLZmJZYTDZZyEFHZdUhV8FkH5MCfoU1XMaxXovpyW5nq5scPqq0ZDP9Zyl04oQ==}
    engines: {node: '>= 10.0.0'}
    dev: true

  /vfile-location/4.0.1:
    resolution: {integrity: sha512-JDxPlTbZrZCQXogGheBHjbRWjESSPEak770XwWPfw5mTc1v1nWGLB/apzZxsx8a0SJVfF8HK8ql8RD308vXRUw==}
    dependencies:
      '@types/unist': 2.0.6
      vfile: 5.3.6
    dev: true

  /vfile-message/3.1.3:
    resolution: {integrity: sha512-0yaU+rj2gKAyEk12ffdSbBfjnnj+b1zqTBv3OQCTn8yEB02bsPizwdBPrLJjHnK+cU9EMMcUnNv938XcZIkmdA==}
    dependencies:
      '@types/unist': 2.0.6
      unist-util-stringify-position: 3.0.3
    dev: true

  /vfile/5.3.6:
    resolution: {integrity: sha512-ADBsmerdGBs2WYckrLBEmuETSPyTD4TuLxTrw0DvjirxW1ra4ZwkbzG8ndsv3Q57smvHxo677MHaQrY9yxH8cA==}
    dependencies:
      '@types/unist': 2.0.6
      is-buffer: 2.0.5
      unist-util-stringify-position: 3.0.3
      vfile-message: 3.1.3
    dev: true

  /vscode-oniguruma/1.7.0:
    resolution: {integrity: sha512-L9WMGRfrjOhgHSdOYgCt/yRMsXzLDJSL7BPrOZt73gU0iWO4mpqzqQzOz5srxqTvMBaR0XZTSrVWo4j55Rc6cA==}
    dev: true

  /vscode-textmate/7.0.4:
    resolution: {integrity: sha512-9hJp0xL7HW1Q5OgGe03NACo7yiCTMEk3WU/rtKXUbncLtdg6rVVNJnHwD88UhbIYU2KoxY0Dih0x+kIsmUKn2A==}
    dev: true

  /vscode-textmate/8.0.0:
    resolution: {integrity: sha512-AFbieoL7a5LMqcnOF04ji+rpXadgOXnZsxQr//r83kLPr7biP7am3g9zbaZIaBGwBRWeSvoMD4mgPdX3e4NWBg==}
    dev: true

  /web-namespaces/2.0.1:
    resolution: {integrity: sha512-bKr1DkiNa2krS7qxNtdrtHAmzuYGFQLiQ13TsorsdT6ULTkPLKuu5+GsFpDlg6JFjUTwX2DyhMPG2be8uPrqsQ==}
    dev: true

  /yallist/4.0.0:
    resolution: {integrity: sha512-3wdGidZyq5PB084XLES5TpOSRA3wjXAlIWMhum2kRcv/41Sn2emQ0dycQW4uZXLejwKvg6EsvbdlVL+FYEct7A==}
    dev: true

  /zwitch/2.0.4:
    resolution: {integrity: sha512-bXE4cR/kVZhKZX/RjPEflHaKVhUVl85noU3v6b8apfQEc1x4A+zBxjZ4lN8LqGd6WZ3dl98pY4o717VFmoPp+A==}
    dev: true

  github.com/battis/prettier-config/900b9359d263370b14e206fe46db3ec4bc41f4ad:
    resolution: {commit: 900b9359d263370b14e206fe46db3ec4bc41f4ad, repo: git+ssh://git@github.com/battis/prettier-config.git, type: git}
    name: '@battis/prettier-config'
    version: 1.0.0
    dev: true
